// !$*UTF8*$!
{
	archiveVersion = 1;
	classes = {
	};
	objectVersion = 56;
	objects = {

/* Begin PBXBuildFile section */
		AF1711CB2BF8EF0800E55C31 /* WeekBeatApp.swift in Sources */ = {isa = PBXBuildFile; fileRef = AF1711CA2BF8EF0800E55C31 /* WeekBeatApp.swift */; };
		AF1711CF2BF8EF0800E55C31 /* Item.swift in Sources */ = {isa = PBXBuildFile; fileRef = AF1711CE2BF8EF0800E55C31 /* Item.swift */; };
		AF1711D12BF8EF0C00E55C31 /* Assets.xcassets in Resources */ = {isa = PBXBuildFile; fileRef = AF1711D02BF8EF0C00E55C31 /* Assets.xcassets */; };
		AF1711D42BF8EF0C00E55C31 /* Preview Assets.xcassets in Resources */ = {isa = PBXBuildFile; fileRef = AF1711D32BF8EF0C00E55C31 /* Preview Assets.xcassets */; };
		AF1711DF2BF8EF0D00E55C31 /* WeekBeatTests.swift in Sources */ = {isa = PBXBuildFile; fileRef = AF1711DE2BF8EF0D00E55C31 /* WeekBeatTests.swift */; };
		AF1711E92BF8EF0D00E55C31 /* WeekBeatUITests.swift in Sources */ = {isa = PBXBuildFile; fileRef = AF1711E82BF8EF0D00E55C31 /* WeekBeatUITests.swift */; };
		AF1711EB2BF8EF0D00E55C31 /* WeekBeatUITestsLaunchTests.swift in Sources */ = {isa = PBXBuildFile; fileRef = AF1711EA2BF8EF0D00E55C31 /* WeekBeatUITestsLaunchTests.swift */; };
/* End PBXBuildFile section */

/* Begin PBXContainerItemProxy section */
		AF1711DB2BF8EF0D00E55C31 /* PBXContainerItemProxy */ = {
			isa = PBXContainerItemProxy;
			containerPortal = AF1711BF2BF8EF0800E55C31 /* Project object */;
			proxyType = 1;
			remoteGlobalIDString = AF1711C62BF8EF0800E55C31;
			remoteInfo = WeekBeat;
		};
		AF1711E52BF8EF0D00E55C31 /* PBXContainerItemProxy */ = {
			isa = PBXContainerItemProxy;
			containerPortal = AF1711BF2BF8EF0800E55C31 /* Project object */;
			proxyType = 1;
			remoteGlobalIDString = AF1711C62BF8EF0800E55C31;
			remoteInfo = WeekBeat;
		};
/* End PBXContainerItemProxy section */

/* Begin PBXFileReference section */
		AF1711C72BF8EF0800E55C31 /* WeekBeat.app */ = {isa = PBXFileReference; explicitFileType = wrapper.application; includeInIndex = 0; path = WeekBeat.app; sourceTree = BUILT_PRODUCTS_DIR; };
		AF1711CA2BF8EF0800E55C31 /* WeekBeatApp.swift */ = {isa = PBXFileReference; lastKnownFileType = sourcecode.swift; path = WeekBeatApp.swift; sourceTree = "<group>"; };
		AF1711CE2BF8EF0800E55C31 /* Item.swift */ = {isa = PBXFileReference; lastKnownFileType = sourcecode.swift; path = Item.swift; sourceTree = "<group>"; };
		AF1711D02BF8EF0C00E55C31 /* Assets.xcassets */ = {isa = PBXFileReference; lastKnownFileType = folder.assetcatalog; path = Assets.xcassets; sourceTree = "<group>"; };
		AF1711D32BF8EF0C00E55C31 /* Preview Assets.xcassets */ = {isa = PBXFileReference; lastKnownFileType = folder.assetcatalog; path = "Preview Assets.xcassets"; sourceTree = "<group>"; };
		AF1711D52BF8EF0C00E55C31 /* WeekBeat.entitlements */ = {isa = PBXFileReference; lastKnownFileType = text.plist.entitlements; path = WeekBeat.entitlements; sourceTree = "<group>"; };
		AF1711DA2BF8EF0D00E55C31 /* WeekBeatTests.xctest */ = {isa = PBXFileReference; explicitFileType = wrapper.cfbundle; includeInIndex = 0; path = WeekBeatTests.xctest; sourceTree = BUILT_PRODUCTS_DIR; };
		AF1711DE2BF8EF0D00E55C31 /* WeekBeatTests.swift */ = {isa = PBXFileReference; lastKnownFileType = sourcecode.swift; path = WeekBeatTests.swift; sourceTree = "<group>"; };
		AF1711E42BF8EF0D00E55C31 /* WeekBeatUITests.xctest */ = {isa = PBXFileReference; explicitFileType = wrapper.cfbundle; includeInIndex = 0; path = WeekBeatUITests.xctest; sourceTree = BUILT_PRODUCTS_DIR; };
		AF1711E82BF8EF0D00E55C31 /* WeekBeatUITests.swift */ = {isa = PBXFileReference; lastKnownFileType = sourcecode.swift; path = WeekBeatUITests.swift; sourceTree = "<group>"; };
		AF1711EA2BF8EF0D00E55C31 /* WeekBeatUITestsLaunchTests.swift */ = {isa = PBXFileReference; lastKnownFileType = sourcecode.swift; path = WeekBeatUITestsLaunchTests.swift; sourceTree = "<group>"; };
		AF1711F72BF947EF00E55C31 /* README.md */ = {isa = PBXFileReference; lastKnownFileType = net.daringfireball.markdown; path = README.md; sourceTree = "<group>"; };
/* End PBXFileReference section */

/* Begin PBXFrameworksBuildPhase section */
		AF1711C42BF8EF0800E55C31 /* Frameworks */ = {
			isa = PBXFrameworksBuildPhase;
			buildActionMask = 2147483647;
			files = (
			);
			runOnlyForDeploymentPostprocessing = 0;
		};
		AF1711D72BF8EF0D00E55C31 /* Frameworks */ = {
			isa = PBXFrameworksBuildPhase;
			buildActionMask = 2147483647;
			files = (
			);
			runOnlyForDeploymentPostprocessing = 0;
		};
		AF1711E12BF8EF0D00E55C31 /* Frameworks */ = {
			isa = PBXFrameworksBuildPhase;
			buildActionMask = 2147483647;
			files = (
			);
			runOnlyForDeploymentPostprocessing = 0;
		};
/* End PBXFrameworksBuildPhase section */

/* Begin PBXGroup section */
		AF1711BE2BF8EF0800E55C31 = {
			isa = PBXGroup;
			children = (
				AF1711F72BF947EF00E55C31 /* README.md */,
				AF1711C92BF8EF0800E55C31 /* WeekBeat */,
				AF1711DD2BF8EF0D00E55C31 /* WeekBeatTests */,
				AF1711E72BF8EF0D00E55C31 /* WeekBeatUITests */,
				AF1711C82BF8EF0800E55C31 /* Products */,
			);
			sourceTree = "<group>";
		};
		AF1711C82BF8EF0800E55C31 /* Products */ = {
			isa = PBXGroup;
			children = (
				AF1711C72BF8EF0800E55C31 /* WeekBeat.app */,
				AF1711DA2BF8EF0D00E55C31 /* WeekBeatTests.xctest */,
				AF1711E42BF8EF0D00E55C31 /* WeekBeatUITests.xctest */,
			);
			name = Products;
			sourceTree = "<group>";
		};
		AF1711C92BF8EF0800E55C31 /* WeekBeat */ = {
			isa = PBXGroup;
			children = (
				AF1711CA2BF8EF0800E55C31 /* WeekBeatApp.swift */,
				AF1711CE2BF8EF0800E55C31 /* Item.swift */,
				AF1711D02BF8EF0C00E55C31 /* Assets.xcassets */,
				AF1711D52BF8EF0C00E55C31 /* WeekBeat.entitlements */,
				AF1711D22BF8EF0C00E55C31 /* Preview Content */,
			);
			path = WeekBeat;
			sourceTree = "<group>";
		};
		AF1711D22BF8EF0C00E55C31 /* Preview Content */ = {
			isa = PBXGroup;
			children = (
				AF1711D32BF8EF0C00E55C31 /* Preview Assets.xcassets */,
			);
			path = "Preview Content";
			sourceTree = "<group>";
		};
		AF1711DD2BF8EF0D00E55C31 /* WeekBeatTests */ = {
			isa = PBXGroup;
			children = (
				AF1711DE2BF8EF0D00E55C31 /* WeekBeatTests.swift */,
			);
			path = WeekBeatTests;
			sourceTree = "<group>";
		};
		AF1711E72BF8EF0D00E55C31 /* WeekBeatUITests */ = {
			isa = PBXGroup;
			children = (
				AF1711E82BF8EF0D00E55C31 /* WeekBeatUITests.swift */,
				AF1711EA2BF8EF0D00E55C31 /* WeekBeatUITestsLaunchTests.swift */,
			);
			path = WeekBeatUITests;
			sourceTree = "<group>";
		};
/* End PBXGroup section */

/* Begin PBXNativeTarget section */
		AF1711C62BF8EF0800E55C31 /* WeekBeat */ = {
			isa = PBXNativeTarget;
			buildConfigurationList = AF1711EE2BF8EF0D00E55C31 /* Build configuration list for PBXNativeTarget "WeekBeat" */;
			buildPhases = (
				AF1711C32BF8EF0800E55C31 /* Sources */,
				AF1711C42BF8EF0800E55C31 /* Frameworks */,
				AF1711C52BF8EF0800E55C31 /* Resources */,
			);
			buildRules = (
			);
			dependencies = (
			);
			name = WeekBeat;
			productName = WeekBeat;
			productReference = AF1711C72BF8EF0800E55C31 /* WeekBeat.app */;
			productType = "com.apple.product-type.application";
		};
		AF1711D92BF8EF0D00E55C31 /* WeekBeatTests */ = {
			isa = PBXNativeTarget;
			buildConfigurationList = AF1711F12BF8EF0D00E55C31 /* Build configuration list for PBXNativeTarget "WeekBeatTests" */;
			buildPhases = (
				AF1711D62BF8EF0D00E55C31 /* Sources */,
				AF1711D72BF8EF0D00E55C31 /* Frameworks */,
				AF1711D82BF8EF0D00E55C31 /* Resources */,
			);
			buildRules = (
			);
			dependencies = (
				AF1711DC2BF8EF0D00E55C31 /* PBXTargetDependency */,
			);
			name = WeekBeatTests;
			productName = WeekBeatTests;
			productReference = AF1711DA2BF8EF0D00E55C31 /* WeekBeatTests.xctest */;
			productType = "com.apple.product-type.bundle.unit-test";
		};
		AF1711E32BF8EF0D00E55C31 /* WeekBeatUITests */ = {
			isa = PBXNativeTarget;
			buildConfigurationList = AF1711F42BF8EF0D00E55C31 /* Build configuration list for PBXNativeTarget "WeekBeatUITests" */;
			buildPhases = (
				AF1711E02BF8EF0D00E55C31 /* Sources */,
				AF1711E12BF8EF0D00E55C31 /* Frameworks */,
				AF1711E22BF8EF0D00E55C31 /* Resources */,
			);
			buildRules = (
			);
			dependencies = (
				AF1711E62BF8EF0D00E55C31 /* PBXTargetDependency */,
			);
			name = WeekBeatUITests;
			productName = WeekBeatUITests;
			productReference = AF1711E42BF8EF0D00E55C31 /* WeekBeatUITests.xctest */;
			productType = "com.apple.product-type.bundle.ui-testing";
		};
/* End PBXNativeTarget section */

/* Begin PBXProject section */
		AF1711BF2BF8EF0800E55C31 /* Project object */ = {
			isa = PBXProject;
			attributes = {
				BuildIndependentTargetsInParallel = 1;
				LastSwiftUpdateCheck = 1530;
				LastUpgradeCheck = 1540;
				TargetAttributes = {
					AF1711C62BF8EF0800E55C31 = {
						CreatedOnToolsVersion = 15.3;
					};
					AF1711D92BF8EF0D00E55C31 = {
						CreatedOnToolsVersion = 15.3;
						TestTargetID = AF1711C62BF8EF0800E55C31;
					};
					AF1711E32BF8EF0D00E55C31 = {
						CreatedOnToolsVersion = 15.3;
						TestTargetID = AF1711C62BF8EF0800E55C31;
					};
				};
			};
			buildConfigurationList = AF1711C22BF8EF0800E55C31 /* Build configuration list for PBXProject "WeekBeat" */;
			compatibilityVersion = "Xcode 14.0";
			developmentRegion = en;
			hasScannedForEncodings = 0;
			knownRegions = (
				en,
				Base,
			);
			mainGroup = AF1711BE2BF8EF0800E55C31;
			productRefGroup = AF1711C82BF8EF0800E55C31 /* Products */;
			projectDirPath = "";
			projectRoot = "";
			targets = (
				AF1711C62BF8EF0800E55C31 /* WeekBeat */,
				AF1711D92BF8EF0D00E55C31 /* WeekBeatTests */,
				AF1711E32BF8EF0D00E55C31 /* WeekBeatUITests */,
			);
		};
/* End PBXProject section */

/* Begin PBXResourcesBuildPhase section */
		AF1711C52BF8EF0800E55C31 /* Resources */ = {
			isa = PBXResourcesBuildPhase;
			buildActionMask = 2147483647;
			files = (
				AF1711D42BF8EF0C00E55C31 /* Preview Assets.xcassets in Resources */,
				AF1711D12BF8EF0C00E55C31 /* Assets.xcassets in Resources */,
			);
			runOnlyForDeploymentPostprocessing = 0;
		};
		AF1711D82BF8EF0D00E55C31 /* Resources */ = {
			isa = PBXResourcesBuildPhase;
			buildActionMask = 2147483647;
			files = (
			);
			runOnlyForDeploymentPostprocessing = 0;
		};
		AF1711E22BF8EF0D00E55C31 /* Resources */ = {
			isa = PBXResourcesBuildPhase;
			buildActionMask = 2147483647;
			files = (
			);
			runOnlyForDeploymentPostprocessing = 0;
		};
/* End PBXResourcesBuildPhase section */

/* Begin PBXSourcesBuildPhase section */
		AF1711C32BF8EF0800E55C31 /* Sources */ = {
			isa = PBXSourcesBuildPhase;
			buildActionMask = 2147483647;
			files = (
				AF1711CF2BF8EF0800E55C31 /* Item.swift in Sources */,
				AF1711CB2BF8EF0800E55C31 /* WeekBeatApp.swift in Sources */,
			);
			runOnlyForDeploymentPostprocessing = 0;
		};
		AF1711D62BF8EF0D00E55C31 /* Sources */ = {
			isa = PBXSourcesBuildPhase;
			buildActionMask = 2147483647;
			files = (
				AF1711DF2BF8EF0D00E55C31 /* WeekBeatTests.swift in Sources */,
			);
			runOnlyForDeploymentPostprocessing = 0;
		};
		AF1711E02BF8EF0D00E55C31 /* Sources */ = {
			isa = PBXSourcesBuildPhase;
			buildActionMask = 2147483647;
			files = (
				AF1711EB2BF8EF0D00E55C31 /* WeekBeatUITestsLaunchTests.swift in Sources */,
				AF1711E92BF8EF0D00E55C31 /* WeekBeatUITests.swift in Sources */,
			);
			runOnlyForDeploymentPostprocessing = 0;
		};
/* End PBXSourcesBuildPhase section */

/* Begin PBXTargetDependency section */
		AF1711DC2BF8EF0D00E55C31 /* PBXTargetDependency */ = {
			isa = PBXTargetDependency;
			target = AF1711C62BF8EF0800E55C31 /* WeekBeat */;
			targetProxy = AF1711DB2BF8EF0D00E55C31 /* PBXContainerItemProxy */;
		};
		AF1711E62BF8EF0D00E55C31 /* PBXTargetDependency */ = {
			isa = PBXTargetDependency;
			target = AF1711C62BF8EF0800E55C31 /* WeekBeat */;
			targetProxy = AF1711E52BF8EF0D00E55C31 /* PBXContainerItemProxy */;
		};
/* End PBXTargetDependency section */

/* Begin XCBuildConfiguration section */
		AF1711EC2BF8EF0D00E55C31 /* Debug */ = {
			isa = XCBuildConfiguration;
			buildSettings = {
				ALWAYS_SEARCH_USER_PATHS = NO;
				ASSETCATALOG_COMPILER_GENERATE_SWIFT_ASSET_SYMBOL_EXTENSIONS = YES;
				CLANG_ANALYZER_NONNULL = YES;
				CLANG_ANALYZER_NUMBER_OBJECT_CONVERSION = YES_AGGRESSIVE;
				CLANG_CXX_LANGUAGE_STANDARD = "gnu++20";
				CLANG_ENABLE_MODULES = YES;
				CLANG_ENABLE_OBJC_ARC = YES;
				CLANG_ENABLE_OBJC_WEAK = YES;
				CLANG_WARN_BLOCK_CAPTURE_AUTORELEASING = YES;
				CLANG_WARN_BOOL_CONVERSION = YES;
				CLANG_WARN_COMMA = YES;
				CLANG_WARN_CONSTANT_CONVERSION = YES;
				CLANG_WARN_DEPRECATED_OBJC_IMPLEMENTATIONS = YES;
				CLANG_WARN_DIRECT_OBJC_ISA_USAGE = YES_ERROR;
				CLANG_WARN_DOCUMENTATION_COMMENTS = YES;
				CLANG_WARN_EMPTY_BODY = YES;
				CLANG_WARN_ENUM_CONVERSION = YES;
				CLANG_WARN_INFINITE_RECURSION = YES;
				CLANG_WARN_INT_CONVERSION = YES;
				CLANG_WARN_NON_LITERAL_NULL_CONVERSION = YES;
				CLANG_WARN_OBJC_IMPLICIT_RETAIN_SELF = YES;
				CLANG_WARN_OBJC_LITERAL_CONVERSION = YES;
				CLANG_WARN_OBJC_ROOT_CLASS = YES_ERROR;
				CLANG_WARN_QUOTED_INCLUDE_IN_FRAMEWORK_HEADER = YES;
				CLANG_WARN_RANGE_LOOP_ANALYSIS = YES;
				CLANG_WARN_STRICT_PROTOTYPES = YES;
				CLANG_WARN_SUSPICIOUS_MOVE = YES;
				CLANG_WARN_UNGUARDED_AVAILABILITY = YES_AGGRESSIVE;
				CLANG_WARN_UNREACHABLE_CODE = YES;
				CLANG_WARN__DUPLICATE_METHOD_MATCH = YES;
				COPY_PHASE_STRIP = NO;
				DEAD_CODE_STRIPPING = YES;
				DEBUG_INFORMATION_FORMAT = dwarf;
				ENABLE_STRICT_OBJC_MSGSEND = YES;
				ENABLE_TESTABILITY = YES;
				ENABLE_USER_SCRIPT_SANDBOXING = YES;
				GCC_C_LANGUAGE_STANDARD = gnu17;
				GCC_DYNAMIC_NO_PIC = NO;
				GCC_NO_COMMON_BLOCKS = YES;
				GCC_OPTIMIZATION_LEVEL = 0;
				GCC_PREPROCESSOR_DEFINITIONS = (
					"DEBUG=1",
					"$(inherited)",
				);
				GCC_WARN_64_TO_32_BIT_CONVERSION = YES;
				GCC_WARN_ABOUT_RETURN_TYPE = YES_ERROR;
				GCC_WARN_UNDECLARED_SELECTOR = YES;
				GCC_WARN_UNINITIALIZED_AUTOS = YES_AGGRESSIVE;
				GCC_WARN_UNUSED_FUNCTION = YES;
				GCC_WARN_UNUSED_VARIABLE = YES;
				INFOPLIST_KEY_LSApplicationCategoryType = "public.app-category.productivity";
				LOCALIZATION_PREFERS_STRING_CATALOGS = YES;
				MACOSX_DEPLOYMENT_TARGET = 14.4;
				MTL_ENABLE_DEBUG_INFO = INCLUDE_SOURCE;
				MTL_FAST_MATH = YES;
				ONLY_ACTIVE_ARCH = YES;
				SDKROOT = macosx;
				SWIFT_ACTIVE_COMPILATION_CONDITIONS = "DEBUG $(inherited)";
				SWIFT_OPTIMIZATION_LEVEL = "-Onone";
			};
			name = Debug;
		};
		AF1711ED2BF8EF0D00E55C31 /* Release */ = {
			isa = XCBuildConfiguration;
			buildSettings = {
				ALWAYS_SEARCH_USER_PATHS = NO;
				ASSETCATALOG_COMPILER_GENERATE_SWIFT_ASSET_SYMBOL_EXTENSIONS = YES;
				CLANG_ANALYZER_NONNULL = YES;
				CLANG_ANALYZER_NUMBER_OBJECT_CONVERSION = YES_AGGRESSIVE;
				CLANG_CXX_LANGUAGE_STANDARD = "gnu++20";
				CLANG_ENABLE_MODULES = YES;
				CLANG_ENABLE_OBJC_ARC = YES;
				CLANG_ENABLE_OBJC_WEAK = YES;
				CLANG_WARN_BLOCK_CAPTURE_AUTORELEASING = YES;
				CLANG_WARN_BOOL_CONVERSION = YES;
				CLANG_WARN_COMMA = YES;
				CLANG_WARN_CONSTANT_CONVERSION = YES;
				CLANG_WARN_DEPRECATED_OBJC_IMPLEMENTATIONS = YES;
				CLANG_WARN_DIRECT_OBJC_ISA_USAGE = YES_ERROR;
				CLANG_WARN_DOCUMENTATION_COMMENTS = YES;
				CLANG_WARN_EMPTY_BODY = YES;
				CLANG_WARN_ENUM_CONVERSION = YES;
				CLANG_WARN_INFINITE_RECURSION = YES;
				CLANG_WARN_INT_CONVERSION = YES;
				CLANG_WARN_NON_LITERAL_NULL_CONVERSION = YES;
				CLANG_WARN_OBJC_IMPLICIT_RETAIN_SELF = YES;
				CLANG_WARN_OBJC_LITERAL_CONVERSION = YES;
				CLANG_WARN_OBJC_ROOT_CLASS = YES_ERROR;
				CLANG_WARN_QUOTED_INCLUDE_IN_FRAMEWORK_HEADER = YES;
				CLANG_WARN_RANGE_LOOP_ANALYSIS = YES;
				CLANG_WARN_STRICT_PROTOTYPES = YES;
				CLANG_WARN_SUSPICIOUS_MOVE = YES;
				CLANG_WARN_UNGUARDED_AVAILABILITY = YES_AGGRESSIVE;
				CLANG_WARN_UNREACHABLE_CODE = YES;
				CLANG_WARN__DUPLICATE_METHOD_MATCH = YES;
				COPY_PHASE_STRIP = NO;
				DEAD_CODE_STRIPPING = YES;
				DEBUG_INFORMATION_FORMAT = "dwarf-with-dsym";
				ENABLE_NS_ASSERTIONS = NO;
				ENABLE_STRICT_OBJC_MSGSEND = YES;
				ENABLE_USER_SCRIPT_SANDBOXING = YES;
				GCC_C_LANGUAGE_STANDARD = gnu17;
				GCC_NO_COMMON_BLOCKS = YES;
				GCC_WARN_64_TO_32_BIT_CONVERSION = YES;
				GCC_WARN_ABOUT_RETURN_TYPE = YES_ERROR;
				GCC_WARN_UNDECLARED_SELECTOR = YES;
				GCC_WARN_UNINITIALIZED_AUTOS = YES_AGGRESSIVE;
				GCC_WARN_UNUSED_FUNCTION = YES;
				GCC_WARN_UNUSED_VARIABLE = YES;
				INFOPLIST_KEY_LSApplicationCategoryType = "public.app-category.productivity";
				LOCALIZATION_PREFERS_STRING_CATALOGS = YES;
				MACOSX_DEPLOYMENT_TARGET = 14.4;
				MTL_ENABLE_DEBUG_INFO = NO;
				MTL_FAST_MATH = YES;
				SDKROOT = macosx;
				SWIFT_COMPILATION_MODE = wholemodule;
			};
			name = Release;
		};
		AF1711EF2BF8EF0D00E55C31 /* Debug */ = {
			isa = XCBuildConfiguration;
			buildSettings = {
				ASSETCATALOG_COMPILER_APPICON_NAME = AppIcon;
				ASSETCATALOG_COMPILER_GLOBAL_ACCENT_COLOR_NAME = AccentColor;
				CODE_SIGN_ENTITLEMENTS = WeekBeat/WeekBeat.entitlements;
				CODE_SIGN_STYLE = Automatic;
				COMBINE_HIDPI_IMAGES = YES;
				CURRENT_PROJECT_VERSION = 1;
				DEAD_CODE_STRIPPING = YES;
				DEVELOPMENT_ASSET_PATHS = "\"WeekBeat/Preview Content\"";
				ENABLE_PREVIEWS = YES;
				GENERATE_INFOPLIST_FILE = YES;
				INFOPLIST_KEY_LSApplicationCategoryType = "public.app-category.productivity";
				INFOPLIST_KEY_LSUIElement = YES;
				INFOPLIST_KEY_NSHumanReadableCopyright = "";
				LD_RUNPATH_SEARCH_PATHS = (
					"$(inherited)",
					"@executable_path/../Frameworks",
				);
				MACOSX_DEPLOYMENT_TARGET = 14.0;
				MARKETING_VERSION = 1.0;
				PRODUCT_BUNDLE_IDENTIFIER = com.gingerbeer.larshelmer.WeekBeat;
				PRODUCT_NAME = "$(TARGET_NAME)";
				SWIFT_EMIT_LOC_STRINGS = YES;
				SWIFT_VERSION = 5.0;
			};
			name = Debug;
		};
		AF1711F02BF8EF0D00E55C31 /* Release */ = {
			isa = XCBuildConfiguration;
			buildSettings = {
				ASSETCATALOG_COMPILER_APPICON_NAME = AppIcon;
				ASSETCATALOG_COMPILER_GLOBAL_ACCENT_COLOR_NAME = AccentColor;
				CODE_SIGN_ENTITLEMENTS = WeekBeat/WeekBeat.entitlements;
				CODE_SIGN_STYLE = Automatic;
				COMBINE_HIDPI_IMAGES = YES;
				CURRENT_PROJECT_VERSION = 1;
				DEAD_CODE_STRIPPING = YES;
				DEVELOPMENT_ASSET_PATHS = "\"WeekBeat/Preview Content\"";
				ENABLE_PREVIEWS = YES;
				GENERATE_INFOPLIST_FILE = YES;
				INFOPLIST_KEY_LSApplicationCategoryType = "public.app-category.productivity";
				INFOPLIST_KEY_LSUIElement = YES;
				INFOPLIST_KEY_NSHumanReadableCopyright = "";
				LD_RUNPATH_SEARCH_PATHS = (
					"$(inherited)",
					"@executable_path/../Frameworks",
				);
				MACOSX_DEPLOYMENT_TARGET = 14.0;
				MARKETING_VERSION = 1.0;
				PRODUCT_BUNDLE_IDENTIFIER = com.gingerbeer.larshelmer.WeekBeat;
				PRODUCT_NAME = "$(TARGET_NAME)";
				SWIFT_EMIT_LOC_STRINGS = YES;
				SWIFT_VERSION = 5.0;
			};
			name = Release;
		};
		AF1711F22BF8EF0D00E55C31 /* Debug */ = {
			isa = XCBuildConfiguration;
			buildSettings = {
				ALWAYS_EMBED_SWIFT_STANDARD_LIBRARIES = YES;
				BUNDLE_LOADER = "$(TEST_HOST)";
				CODE_SIGN_STYLE = Automatic;
				CURRENT_PROJECT_VERSION = 1;
				DEAD_CODE_STRIPPING = YES;
				GENERATE_INFOPLIST_FILE = YES;
				MACOSX_DEPLOYMENT_TARGET = 14.0;
				MARKETING_VERSION = 1.0;
				PRODUCT_BUNDLE_IDENTIFIER = com.example.larshelmer.WeekBeatTests;
				PRODUCT_NAME = "$(TARGET_NAME)";
				SWIFT_EMIT_LOC_STRINGS = NO;
				SWIFT_VERSION = 5.0;
				TEST_HOST = "$(BUILT_PRODUCTS_DIR)/WeekBeat.app/$(BUNDLE_EXECUTABLE_FOLDER_PATH)/WeekBeat";
			};
			name = Debug;
		};
		AF1711F32BF8EF0D00E55C31 /* Release */ = {
			isa = XCBuildConfiguration;
			buildSettings = {
				ALWAYS_EMBED_SWIFT_STANDARD_LIBRARIES = YES;
				BUNDLE_LOADER = "$(TEST_HOST)";
				CODE_SIGN_STYLE = Automatic;
				CURRENT_PROJECT_VERSION = 1;
				DEAD_CODE_STRIPPING = YES;
				GENERATE_INFOPLIST_FILE = YES;
				MACOSX_DEPLOYMENT_TARGET = 14.0;
				MARKETING_VERSION = 1.0;
				PRODUCT_BUNDLE_IDENTIFIER = com.example.larshelmer.WeekBeatTests;
				PRODUCT_NAME = "$(TARGET_NAME)";
				SWIFT_EMIT_LOC_STRINGS = NO;
				SWIFT_VERSION = 5.0;
				TEST_HOST = "$(BUILT_PRODUCTS_DIR)/WeekBeat.app/$(BUNDLE_EXECUTABLE_FOLDER_PATH)/WeekBeat";
			};
			name = Release;
		};
		AF1711F52BF8EF0D00E55C31 /* Debug */ = {
			isa = XCBuildConfiguration;
			buildSettings = {
				ALWAYS_EMBED_SWIFT_STANDARD_LIBRARIES = YES;
				CODE_SIGN_STYLE = Automatic;
				CURRENT_PROJECT_VERSION = 1;
				DEAD_CODE_STRIPPING = YES;
				GENERATE_INFOPLIST_FILE = YES;
				MARKETING_VERSION = 1.0;
				PRODUCT_BUNDLE_IDENTIFIER = com.example.larshelmer.WeekBeatUITests;
				PRODUCT_NAME = "$(TARGET_NAME)";
				SWIFT_EMIT_LOC_STRINGS = NO;
				SWIFT_VERSION = 5.0;
				TEST_TARGET_NAME = WeekBeat;
			};
			name = Debug;
		};
		AF1711F62BF8EF0D00E55C31 /* Release */ = {
			isa = XCBuildConfiguration;
			buildSettings = {
				ALWAYS_EMBED_SWIFT_STANDARD_LIBRARIES = YES;
				CODE_SIGN_STYLE = Automatic;
				CURRENT_PROJECT_VERSION = 1;
				DEAD_CODE_STRIPPING = YES;
				GENERATE_INFOPLIST_FILE = YES;
				MARKETING_VERSION = 1.0;
				PRODUCT_BUNDLE_IDENTIFIER = com.example.larshelmer.WeekBeatUITests;
				PRODUCT_NAME = "$(TARGET_NAME)";
				SWIFT_EMIT_LOC_STRINGS = NO;
				SWIFT_VERSION = 5.0;
				TEST_TARGET_NAME = WeekBeat;
			};
			name = Release;
		};
/* End XCBuildConfiguration section */

/* Begin XCConfigurationList section */
		AF1711C22BF8EF0800E55C31 /* Build configuration list for PBXProject "WeekBeat" */ = {
			isa = XCConfigurationList;
			buildConfigurations = (
				AF1711EC2BF8EF0D00E55C31 /* Debug */,
				AF1711ED2BF8EF0D00E55C31 /* Release */,
			);
			defaultConfigurationIsVisible = 0;
			defaultConfigurationName = Release;
		};
		AF1711EE2BF8EF0D00E55C31 /* Build configuration list for PBXNativeTarget "WeekBeat" */ = {
			isa = XCConfigurationList;
			buildConfigurations = (
				AF1711EF2BF8EF0D00E55C31 /* Debug */,
				AF1711F02BF8EF0D00E55C31 /* Release */,
			);
			defaultConfigurationIsVisible = 0;
			defaultConfigurationName = Release;
		};
		AF1711F12BF8EF0D00E55C31 /* Build configuration list for PBXNativeTarget "WeekBeatTests" */ = {
			isa = XCConfigurationList;
			buildConfigurations = (
				AF1711F22BF8EF0D00E55C31 /* Debug */,
				AF1711F32BF8EF0D00E55C31 /* Release */,
			);
			defaultConfigurationIsVisible = 0;
			defaultConfigurationName = Release;
		};
		AF1711F42BF8EF0D00E55C31 /* Build configuration list for PBXNativeTarget "WeekBeatUITests" */ = {
			isa = XCConfigurationList;
			buildConfigurations = (
				AF1711F52BF8EF0D00E55C31 /* Debug */,
				AF1711F62BF8EF0D00E55C31 /* Release */,
			);
			defaultConfigurationIsVisible = 0;
			defaultConfigurationName = Release;
		};
/* End XCConfigurationList section */
	};
	rootObject = AF1711BF2BF8EF0800E55C31 /* Project object */;
}
